
Microsoft Visual Studio Solution File, Format Version 12.00
# Visual Studio Version 17
VisualStudioVersion = 17.9.34728.123
MinimumVisualStudioVersion = 10.0.40219.1
Project("{8BC9CEB8-8B4A-11D0-8D11-00A0C91BC942}") = "Program", "Program.vcxproj", "{94392424-01CC-4A8E-ACD7-C67C19C9DF6C}"
EndProject
Project("{8BC9CEB8-8B4A-11D0-8D11-00A0C91BC942}") = "Class1th (Asymptotic Notation)", "..\Class1th (Asymptotic Notation)\Class1th (Asymptotic Notation).vcxproj", "{3EBB17EF-3A11-49A1-8F65-F92662C1E019}"
EndProject
Project("{8BC9CEB8-8B4A-11D0-8D11-00A0C91BC942}") = "Class2th (Brute Force)", "..\Class2th (Brute Force)\Class2th (Brute Force).vcxproj", "{D035E427-B344-45DC-B657-72E6BCE1F608}"
EndProject
Project("{8BC9CEB8-8B4A-11D0-8D11-00A0C91BC942}") = "Class3th (Bubble Sort)", "..\Class3th (Bubble Sort)\Class3th (Bubble Sort).vcxproj", "{1D43A5BC-D8DF-41F1-8E87-B565256F3983}"
EndProject
Project("{8BC9CEB8-8B4A-11D0-8D11-00A0C91BC942}") = "Class4th (Select Sort)", "..\Class4th (Select Sort)\Class4th (Select Sort).vcxproj", "{7AC0A357-F066-47E5-84F3-23AF74193A59}"
EndProject
Project("{8BC9CEB8-8B4A-11D0-8D11-00A0C91BC942}") = "Class5th (Insert Sort)", "..\Class5th (Insert Sort)\Class5th (Insert Sort).vcxproj", "{2003070F-C06C-4E04-97B0-2280B4C07BBA}"
EndProject
Project("{8BC9CEB8-8B4A-11D0-8D11-00A0C91BC942}") = "Class6th (Euclidean)", "..\Class6th (Euclidean)\Class6th (Euclidean).vcxproj", "{E1A2FE22-F90B-45B8-96E1-F9927E897FB6}"
EndProject
Project("{8BC9CEB8-8B4A-11D0-8D11-00A0C91BC942}") = "Class7th (Sieve of Eratosthenes)", "..\Class7th (Sieve of Eratosthenes)\Class7th (Sieve of Eratosthenes).vcxproj", "{19722D66-3074-42C5-89C7-4E057EC8DE89}"
EndProject
Project("{8BC9CEB8-8B4A-11D0-8D11-00A0C91BC942}") = "Class8th (Count Sort)", "..\Class8th (Count Sort)\Class8th (Count Sort).vcxproj", "{F99093EC-7719-42DE-A1C7-2A9D68D03481}"
EndProject
Project("{8BC9CEB8-8B4A-11D0-8D11-00A0C91BC942}") = "Class9th (Divide and Conquer)", "..\Class9th (Divide and Conquer)\Class9th (Divide and Conquer).vcxproj", "{79C79D56-5945-4004-8B77-D86A3395796E}"
EndProject
Project("{8BC9CEB8-8B4A-11D0-8D11-00A0C91BC942}") = "Class10th (Binary Search)", "..\Class10th (Binary Search)\Class10th (Binary Search).vcxproj", "{621DD3E1-7968-4719-8188-737E1247078E}"
EndProject
Project("{8BC9CEB8-8B4A-11D0-8D11-00A0C91BC942}") = "Class11th (Quick Sort)", "..\Class11th (Quick Sort)\Class11th (Quick Sort).vcxproj", "{EE1011BA-D62A-4C5F-87F7-E58C433C45EE}"
EndProject
Project("{8BC9CEB8-8B4A-11D0-8D11-00A0C91BC942}") = "Class12th (Merge Sort)", "..\Class12th (Merge Sort)\Class12th (Merge Sort).vcxproj", "{DF56C41F-9406-4986-8EFC-C583C0D341D8}"
EndProject
Project("{8BC9CEB8-8B4A-11D0-8D11-00A0C91BC942}") = "Class13th (Dynamic Programming)", "..\Class13th (Dynamic Programming)\Class13th (Dynamic Programming).vcxproj", "{CBFBD69D-924C-426B-AA24-6200D68AB325}"
EndProject
Project("{8BC9CEB8-8B4A-11D0-8D11-00A0C91BC942}") = "Class14th (Greedy)", "..\Class14th (Greedy)\Class14th (Greedy).vcxproj", "{88104309-B6B4-4FB1-9422-8DAC9A795A2D}"
EndProject
Project("{8BC9CEB8-8B4A-11D0-8D11-00A0C91BC942}") = "Class15th (Depth First Search)", "..\Class15th (Depth First Search)\Class15th (Depth First Search).vcxproj", "{3305E93D-E265-495A-9153-3D05E93C72FF}"
EndProject
Project("{8BC9CEB8-8B4A-11D0-8D11-00A0C91BC942}") = "Class16th (Breadth First Search)", "..\Class16th (Breadth First Search)\Class16th (Breadth First Search).vcxproj", "{2CCBF9B0-7745-406C-B135-DEB68F454BEC}"
EndProject
Project("{8BC9CEB8-8B4A-11D0-8D11-00A0C91BC942}") = "Class17th (Topology Sort)", "..\Class17th (Topology Sort)\Class17th (Topology Sort).vcxproj", "{92B13F48-1A5A-4E09-96D2-FD5BDD7B5849}"
EndProject
Project("{8BC9CEB8-8B4A-11D0-8D11-00A0C91BC942}") = "Class18th (Dijkstra)", "..\Class18th (Dijkstra)\Class18th (Dijkstra).vcxproj", "{C30CCD44-50CE-4ECC-BD16-F86C0DE27EF9}"
EndProject
Global
	GlobalSection(SolutionConfigurationPlatforms) = preSolution
		Debug|x64 = Debug|x64
		Debug|x86 = Debug|x86
		Release|x64 = Release|x64
		Release|x86 = Release|x86
	EndGlobalSection
	GlobalSection(ProjectConfigurationPlatforms) = postSolution
		{94392424-01CC-4A8E-ACD7-C67C19C9DF6C}.Debug|x64.ActiveCfg = Debug|x64
		{94392424-01CC-4A8E-ACD7-C67C19C9DF6C}.Debug|x64.Build.0 = Debug|x64
		{94392424-01CC-4A8E-ACD7-C67C19C9DF6C}.Debug|x86.ActiveCfg = Debug|Win32
		{94392424-01CC-4A8E-ACD7-C67C19C9DF6C}.Debug|x86.Build.0 = Debug|Win32
		{94392424-01CC-4A8E-ACD7-C67C19C9DF6C}.Release|x64.ActiveCfg = Release|x64
		{94392424-01CC-4A8E-ACD7-C67C19C9DF6C}.Release|x64.Build.0 = Release|x64
		{94392424-01CC-4A8E-ACD7-C67C19C9DF6C}.Release|x86.ActiveCfg = Release|Win32
		{94392424-01CC-4A8E-ACD7-C67C19C9DF6C}.Release|x86.Build.0 = Release|Win32
		{3EBB17EF-3A11-49A1-8F65-F92662C1E019}.Debug|x64.ActiveCfg = Debug|x64
		{3EBB17EF-3A11-49A1-8F65-F92662C1E019}.Debug|x64.Build.0 = Debug|x64
		{3EBB17EF-3A11-49A1-8F65-F92662C1E019}.Debug|x86.ActiveCfg = Debug|Win32
		{3EBB17EF-3A11-49A1-8F65-F92662C1E019}.Debug|x86.Build.0 = Debug|Win32
		{3EBB17EF-3A11-49A1-8F65-F92662C1E019}.Release|x64.ActiveCfg = Release|x64
		{3EBB17EF-3A11-49A1-8F65-F92662C1E019}.Release|x64.Build.0 = Release|x64
		{3EBB17EF-3A11-49A1-8F65-F92662C1E019}.Release|x86.ActiveCfg = Release|Win32
		{3EBB17EF-3A11-49A1-8F65-F92662C1E019}.Release|x86.Build.0 = Release|Win32
		{D035E427-B344-45DC-B657-72E6BCE1F608}.Debug|x64.ActiveCfg = Debug|x64
		{D035E427-B344-45DC-B657-72E6BCE1F608}.Debug|x64.Build.0 = Debug|x64
		{D035E427-B344-45DC-B657-72E6BCE1F608}.Debug|x86.ActiveCfg = Debug|Win32
		{D035E427-B344-45DC-B657-72E6BCE1F608}.Debug|x86.Build.0 = Debug|Win32
		{D035E427-B344-45DC-B657-72E6BCE1F608}.Release|x64.ActiveCfg = Release|x64
		{D035E427-B344-45DC-B657-72E6BCE1F608}.Release|x64.Build.0 = Release|x64
		{D035E427-B344-45DC-B657-72E6BCE1F608}.Release|x86.ActiveCfg = Release|Win32
		{D035E427-B344-45DC-B657-72E6BCE1F608}.Release|x86.Build.0 = Release|Win32
		{1D43A5BC-D8DF-41F1-8E87-B565256F3983}.Debug|x64.ActiveCfg = Debug|x64
		{1D43A5BC-D8DF-41F1-8E87-B565256F3983}.Debug|x64.Build.0 = Debug|x64
		{1D43A5BC-D8DF-41F1-8E87-B565256F3983}.Debug|x86.ActiveCfg = Debug|Win32
		{1D43A5BC-D8DF-41F1-8E87-B565256F3983}.Debug|x86.Build.0 = Debug|Win32
		{1D43A5BC-D8DF-41F1-8E87-B565256F3983}.Release|x64.ActiveCfg = Release|x64
		{1D43A5BC-D8DF-41F1-8E87-B565256F3983}.Release|x64.Build.0 = Release|x64
		{1D43A5BC-D8DF-41F1-8E87-B565256F3983}.Release|x86.ActiveCfg = Release|Win32
		{1D43A5BC-D8DF-41F1-8E87-B565256F3983}.Release|x86.Build.0 = Release|Win32
		{7AC0A357-F066-47E5-84F3-23AF74193A59}.Debug|x64.ActiveCfg = Debug|x64
		{7AC0A357-F066-47E5-84F3-23AF74193A59}.Debug|x64.Build.0 = Debug|x64
		{7AC0A357-F066-47E5-84F3-23AF74193A59}.Debug|x86.ActiveCfg = Debug|Win32
		{7AC0A357-F066-47E5-84F3-23AF74193A59}.Debug|x86.Build.0 = Debug|Win32
		{7AC0A357-F066-47E5-84F3-23AF74193A59}.Release|x64.ActiveCfg = Release|x64
		{7AC0A357-F066-47E5-84F3-23AF74193A59}.Release|x64.Build.0 = Release|x64
		{7AC0A357-F066-47E5-84F3-23AF74193A59}.Release|x86.ActiveCfg = Release|Win32
		{7AC0A357-F066-47E5-84F3-23AF74193A59}.Release|x86.Build.0 = Release|Win32
		{2003070F-C06C-4E04-97B0-2280B4C07BBA}.Debug|x64.ActiveCfg = Debug|x64
		{2003070F-C06C-4E04-97B0-2280B4C07BBA}.Debug|x64.Build.0 = Debug|x64
		{2003070F-C06C-4E04-97B0-2280B4C07BBA}.Debug|x86.ActiveCfg = Debug|Win32
		{2003070F-C06C-4E04-97B0-2280B4C07BBA}.Debug|x86.Build.0 = Debug|Win32
		{2003070F-C06C-4E04-97B0-2280B4C07BBA}.Release|x64.ActiveCfg = Release|x64
		{2003070F-C06C-4E04-97B0-2280B4C07BBA}.Release|x64.Build.0 = Release|x64
		{2003070F-C06C-4E04-97B0-2280B4C07BBA}.Release|x86.ActiveCfg = Release|Win32
		{2003070F-C06C-4E04-97B0-2280B4C07BBA}.Release|x86.Build.0 = Release|Win32
		{E1A2FE22-F90B-45B8-96E1-F9927E897FB6}.Debug|x64.ActiveCfg = Debug|x64
		{E1A2FE22-F90B-45B8-96E1-F9927E897FB6}.Debug|x64.Build.0 = Debug|x64
		{E1A2FE22-F90B-45B8-96E1-F9927E897FB6}.Debug|x86.ActiveCfg = Debug|Win32
		{E1A2FE22-F90B-45B8-96E1-F9927E897FB6}.Debug|x86.Build.0 = Debug|Win32
		{E1A2FE22-F90B-45B8-96E1-F9927E897FB6}.Release|x64.ActiveCfg = Release|x64
		{E1A2FE22-F90B-45B8-96E1-F9927E897FB6}.Release|x64.Build.0 = Release|x64
		{E1A2FE22-F90B-45B8-96E1-F9927E897FB6}.Release|x86.ActiveCfg = Release|Win32
		{E1A2FE22-F90B-45B8-96E1-F9927E897FB6}.Release|x86.Build.0 = Release|Win32
		{19722D66-3074-42C5-89C7-4E057EC8DE89}.Debug|x64.ActiveCfg = Debug|x64
		{19722D66-3074-42C5-89C7-4E057EC8DE89}.Debug|x64.Build.0 = Debug|x64
		{19722D66-3074-42C5-89C7-4E057EC8DE89}.Debug|x86.ActiveCfg = Debug|Win32
		{19722D66-3074-42C5-89C7-4E057EC8DE89}.Debug|x86.Build.0 = Debug|Win32
		{19722D66-3074-42C5-89C7-4E057EC8DE89}.Release|x64.ActiveCfg = Release|x64
		{19722D66-3074-42C5-89C7-4E057EC8DE89}.Release|x64.Build.0 = Release|x64
		{19722D66-3074-42C5-89C7-4E057EC8DE89}.Release|x86.ActiveCfg = Release|Win32
		{19722D66-3074-42C5-89C7-4E057EC8DE89}.Release|x86.Build.0 = Release|Win32
		{F99093EC-7719-42DE-A1C7-2A9D68D03481}.Debug|x64.ActiveCfg = Debug|x64
		{F99093EC-7719-42DE-A1C7-2A9D68D03481}.Debug|x64.Build.0 = Debug|x64
		{F99093EC-7719-42DE-A1C7-2A9D68D03481}.Debug|x86.ActiveCfg = Debug|Win32
		{F99093EC-7719-42DE-A1C7-2A9D68D03481}.Debug|x86.Build.0 = Debug|Win32
		{F99093EC-7719-42DE-A1C7-2A9D68D03481}.Release|x64.ActiveCfg = Release|x64
		{F99093EC-7719-42DE-A1C7-2A9D68D03481}.Release|x64.Build.0 = Release|x64
		{F99093EC-7719-42DE-A1C7-2A9D68D03481}.Release|x86.ActiveCfg = Release|Win32
		{F99093EC-7719-42DE-A1C7-2A9D68D03481}.Release|x86.Build.0 = Release|Win32
		{79C79D56-5945-4004-8B77-D86A3395796E}.Debug|x64.ActiveCfg = Debug|x64
		{79C79D56-5945-4004-8B77-D86A3395796E}.Debug|x64.Build.0 = Debug|x64
		{79C79D56-5945-4004-8B77-D86A3395796E}.Debug|x86.ActiveCfg = Debug|Win32
		{79C79D56-5945-4004-8B77-D86A3395796E}.Debug|x86.Build.0 = Debug|Win32
		{79C79D56-5945-4004-8B77-D86A3395796E}.Release|x64.ActiveCfg = Release|x64
		{79C79D56-5945-4004-8B77-D86A3395796E}.Release|x64.Build.0 = Release|x64
		{79C79D56-5945-4004-8B77-D86A3395796E}.Release|x86.ActiveCfg = Release|Win32
		{79C79D56-5945-4004-8B77-D86A3395796E}.Release|x86.Build.0 = Release|Win32
		{621DD3E1-7968-4719-8188-737E1247078E}.Debug|x64.ActiveCfg = Debug|x64
		{621DD3E1-7968-4719-8188-737E1247078E}.Debug|x64.Build.0 = Debug|x64
		{621DD3E1-7968-4719-8188-737E1247078E}.Debug|x86.ActiveCfg = Debug|Win32
		{621DD3E1-7968-4719-8188-737E1247078E}.Debug|x86.Build.0 = Debug|Win32
		{621DD3E1-7968-4719-8188-737E1247078E}.Release|x64.ActiveCfg = Release|x64
		{621DD3E1-7968-4719-8188-737E1247078E}.Release|x64.Build.0 = Release|x64
		{621DD3E1-7968-4719-8188-737E1247078E}.Release|x86.ActiveCfg = Release|Win32
		{621DD3E1-7968-4719-8188-737E1247078E}.Release|x86.Build.0 = Release|Win32
		{EE1011BA-D62A-4C5F-87F7-E58C433C45EE}.Debug|x64.ActiveCfg = Debug|x64
		{EE1011BA-D62A-4C5F-87F7-E58C433C45EE}.Debug|x64.Build.0 = Debug|x64
		{EE1011BA-D62A-4C5F-87F7-E58C433C45EE}.Debug|x86.ActiveCfg = Debug|Win32
		{EE1011BA-D62A-4C5F-87F7-E58C433C45EE}.Debug|x86.Build.0 = Debug|Win32
		{EE1011BA-D62A-4C5F-87F7-E58C433C45EE}.Release|x64.ActiveCfg = Release|x64
		{EE1011BA-D62A-4C5F-87F7-E58C433C45EE}.Release|x64.Build.0 = Release|x64
		{EE1011BA-D62A-4C5F-87F7-E58C433C45EE}.Release|x86.ActiveCfg = Release|Win32
		{EE1011BA-D62A-4C5F-87F7-E58C433C45EE}.Release|x86.Build.0 = Release|Win32
		{DF56C41F-9406-4986-8EFC-C583C0D341D8}.Debug|x64.ActiveCfg = Debug|x64
		{DF56C41F-9406-4986-8EFC-C583C0D341D8}.Debug|x64.Build.0 = Debug|x64
		{DF56C41F-9406-4986-8EFC-C583C0D341D8}.Debug|x86.ActiveCfg = Debug|Win32
		{DF56C41F-9406-4986-8EFC-C583C0D341D8}.Debug|x86.Build.0 = Debug|Win32
		{DF56C41F-9406-4986-8EFC-C583C0D341D8}.Release|x64.ActiveCfg = Release|x64
		{DF56C41F-9406-4986-8EFC-C583C0D341D8}.Release|x64.Build.0 = Release|x64
		{DF56C41F-9406-4986-8EFC-C583C0D341D8}.Release|x86.ActiveCfg = Release|Win32
		{DF56C41F-9406-4986-8EFC-C583C0D341D8}.Release|x86.Build.0 = Release|Win32
		{CBFBD69D-924C-426B-AA24-6200D68AB325}.Debug|x64.ActiveCfg = Debug|x64
		{CBFBD69D-924C-426B-AA24-6200D68AB325}.Debug|x64.Build.0 = Debug|x64
		{CBFBD69D-924C-426B-AA24-6200D68AB325}.Debug|x86.ActiveCfg = Debug|Win32
		{CBFBD69D-924C-426B-AA24-6200D68AB325}.Debug|x86.Build.0 = Debug|Win32
		{CBFBD69D-924C-426B-AA24-6200D68AB325}.Release|x64.ActiveCfg = Release|x64
		{CBFBD69D-924C-426B-AA24-6200D68AB325}.Release|x64.Build.0 = Release|x64
		{CBFBD69D-924C-426B-AA24-6200D68AB325}.Release|x86.ActiveCfg = Release|Win32
		{CBFBD69D-924C-426B-AA24-6200D68AB325}.Release|x86.Build.0 = Release|Win32
		{88104309-B6B4-4FB1-9422-8DAC9A795A2D}.Debug|x64.ActiveCfg = Debug|x64
		{88104309-B6B4-4FB1-9422-8DAC9A795A2D}.Debug|x64.Build.0 = Debug|x64
		{88104309-B6B4-4FB1-9422-8DAC9A795A2D}.Debug|x86.ActiveCfg = Debug|Win32
		{88104309-B6B4-4FB1-9422-8DAC9A795A2D}.Debug|x86.Build.0 = Debug|Win32
		{88104309-B6B4-4FB1-9422-8DAC9A795A2D}.Release|x64.ActiveCfg = Release|x64
		{88104309-B6B4-4FB1-9422-8DAC9A795A2D}.Release|x64.Build.0 = Release|x64
		{88104309-B6B4-4FB1-9422-8DAC9A795A2D}.Release|x86.ActiveCfg = Release|Win32
		{88104309-B6B4-4FB1-9422-8DAC9A795A2D}.Release|x86.Build.0 = Release|Win32
		{3305E93D-E265-495A-9153-3D05E93C72FF}.Debug|x64.ActiveCfg = Debug|x64
		{3305E93D-E265-495A-9153-3D05E93C72FF}.Debug|x64.Build.0 = Debug|x64
		{3305E93D-E265-495A-9153-3D05E93C72FF}.Debug|x86.ActiveCfg = Debug|Win32
		{3305E93D-E265-495A-9153-3D05E93C72FF}.Debug|x86.Build.0 = Debug|Win32
		{3305E93D-E265-495A-9153-3D05E93C72FF}.Release|x64.ActiveCfg = Release|x64
		{3305E93D-E265-495A-9153-3D05E93C72FF}.Release|x64.Build.0 = Release|x64
		{3305E93D-E265-495A-9153-3D05E93C72FF}.Release|x86.ActiveCfg = Release|Win32
		{3305E93D-E265-495A-9153-3D05E93C72FF}.Release|x86.Build.0 = Release|Win32
		{2CCBF9B0-7745-406C-B135-DEB68F454BEC}.Debug|x64.ActiveCfg = Debug|x64
		{2CCBF9B0-7745-406C-B135-DEB68F454BEC}.Debug|x64.Build.0 = Debug|x64
		{2CCBF9B0-7745-406C-B135-DEB68F454BEC}.Debug|x86.ActiveCfg = Debug|Win32
		{2CCBF9B0-7745-406C-B135-DEB68F454BEC}.Debug|x86.Build.0 = Debug|Win32
		{2CCBF9B0-7745-406C-B135-DEB68F454BEC}.Release|x64.ActiveCfg = Release|x64
		{2CCBF9B0-7745-406C-B135-DEB68F454BEC}.Release|x64.Build.0 = Release|x64
		{2CCBF9B0-7745-406C-B135-DEB68F454BEC}.Release|x86.ActiveCfg = Release|Win32
		{2CCBF9B0-7745-406C-B135-DEB68F454BEC}.Release|x86.Build.0 = Release|Win32
		{92B13F48-1A5A-4E09-96D2-FD5BDD7B5849}.Debug|x64.ActiveCfg = Debug|x64
		{92B13F48-1A5A-4E09-96D2-FD5BDD7B5849}.Debug|x64.Build.0 = Debug|x64
		{92B13F48-1A5A-4E09-96D2-FD5BDD7B5849}.Debug|x86.ActiveCfg = Debug|Win32
		{92B13F48-1A5A-4E09-96D2-FD5BDD7B5849}.Debug|x86.Build.0 = Debug|Win32
		{92B13F48-1A5A-4E09-96D2-FD5BDD7B5849}.Release|x64.ActiveCfg = Release|x64
		{92B13F48-1A5A-4E09-96D2-FD5BDD7B5849}.Release|x64.Build.0 = Release|x64
		{92B13F48-1A5A-4E09-96D2-FD5BDD7B5849}.Release|x86.ActiveCfg = Release|Win32
		{92B13F48-1A5A-4E09-96D2-FD5BDD7B5849}.Release|x86.Build.0 = Release|Win32
		{C30CCD44-50CE-4ECC-BD16-F86C0DE27EF9}.Debug|x64.ActiveCfg = Debug|x64
		{C30CCD44-50CE-4ECC-BD16-F86C0DE27EF9}.Debug|x64.Build.0 = Debug|x64
		{C30CCD44-50CE-4ECC-BD16-F86C0DE27EF9}.Debug|x86.ActiveCfg = Debug|Win32
		{C30CCD44-50CE-4ECC-BD16-F86C0DE27EF9}.Debug|x86.Build.0 = Debug|Win32
		{C30CCD44-50CE-4ECC-BD16-F86C0DE27EF9}.Release|x64.ActiveCfg = Release|x64
		{C30CCD44-50CE-4ECC-BD16-F86C0DE27EF9}.Release|x64.Build.0 = Release|x64
		{C30CCD44-50CE-4ECC-BD16-F86C0DE27EF9}.Release|x86.ActiveCfg = Release|Win32
		{C30CCD44-50CE-4ECC-BD16-F86C0DE27EF9}.Release|x86.Build.0 = Release|Win32
	EndGlobalSection
	GlobalSection(SolutionProperties) = preSolution
		HideSolutionNode = FALSE
	EndGlobalSection
	GlobalSection(ExtensibilityGlobals) = postSolution
		SolutionGuid = {AFC645B4-8E5E-4D26-8FA2-2DC4233D4C78}
	EndGlobalSection
EndGlobal
